
Microsoft Visual Studio Solution File, Format Version 12.00
# Visual Studio Version 16
VisualStudioVersion = 16.0.30413.136
MinimumVisualStudioVersion = 10.0.40219.1
Project("{888888A0-9F3D-457C-B088-3A5042F75D52}") = "GeometricChallenge", "GeometricChallenge\GeometricChallenge.pyproj", "{3A9E85BD-1069-4117-8FFE-E95C1C1435EE}"
EndProject
Global
	GlobalSection(SolutionConfigurationPlatforms) = preSolution
		Debug|Any CPU = Debug|Any CPU
		Release|Any CPU = Release|Any CPU
	EndGlobalSection
	GlobalSection(ProjectConfigurationPlatforms) = postSolution
		{3A9E85BD-1069-4117-8FFE-E95C1C1435EE}.Debug|Any CPU.ActiveCfg = Debug|Any CPU
		{3A9E85BD-1069-4117-8FFE-E95C1C1435EE}.Release|Any CPU.ActiveCfg = Release|Any CPU
	EndGlobalSection
	GlobalSection(SolutionProperties) = preSolution
		HideSolutionNode = FALSE
	EndGlobalSection
	GlobalSection(ExtensibilityGlobals) = postSolution
		SolutionGuid = {68B53207-D455-4C78-BF32-1368FD73C6C3}
	EndGlobalSection
EndGlobal
